{
    "_readme": [
        "This file locks the dependencies of your project to a known state",
        "Read more about it at https://getcomposer.org/doc/01-basic-usage.md#installing-dependencies",
        "This file is @generated automatically"
    ],
    "content-hash": "46498917bde667cf256c2d84a096d00c",
    "packages": [
        {
            "name": "firebase/php-jwt",
            "version": "v5.2.0",
            "source": {
                "type": "git",
                "url": "https://github.com/firebase/php-jwt.git",
                "reference": "feb0e820b8436873675fd3aca04f3728eb2185cb"
            },
            "dist": {
                "type": "zip",
                "url": "https://api.github.com/repos/firebase/php-jwt/zipball/feb0e820b8436873675fd3aca04f3728eb2185cb",
                "reference": "feb0e820b8436873675fd3aca04f3728eb2185cb",
                "shasum": ""
            },
            "require": {
                "php": ">=5.3.0"
            },
            "require-dev": {
                "phpunit/phpunit": ">=4.8 <=9"
            },
            "type": "library",
            "autoload": {
                "psr-4": {
                    "Firebase\\JWT\\": "src"
                }
            },
            "notification-url": "https://packagist.org/downloads/",
            "license": [
                "BSD-3-Clause"
            ],
            "authors": [
                {
                    "name": "Neuman Vong",
                    "email": "neuman+pear@twilio.com",
                    "role": "Developer"
                },
                {
                    "name": "Anant Narayanan",
                    "email": "anant@php.net",
                    "role": "Developer"
                }
            ],
            "description": "A simple library to encode and decode JSON Web Tokens (JWT) in PHP. Should conform to the current spec.",
            "homepage": "https://github.com/firebase/php-jwt",
            "keywords": [
                "jwt",
                "php"
            ],
            "time": "2020-03-25T18:49:23+00:00"
        },
        {
            "name": "google/auth",
            "version": "v1.11.1",
            "source": {
                "type": "git",
                "url": "https://github.com/googleapis/google-auth-library-php.git",
                "reference": "bb959e91bd8ffbd352ab76cbf11d656ce6435088"
            },
            "dist": {
                "type": "zip",
                "url": "https://api.github.com/repos/googleapis/google-auth-library-php/zipball/bb959e91bd8ffbd352ab76cbf11d656ce6435088",
                "reference": "bb959e91bd8ffbd352ab76cbf11d656ce6435088",
                "shasum": ""
            },
            "require": {
                "firebase/php-jwt": "~2.0|~3.0|~4.0|~5.0",
                "guzzlehttp/guzzle": "^5.3.1|^6.2.1|^7.0",
                "guzzlehttp/psr7": "^1.2",
                "php": ">=5.4",
                "psr/cache": "^1.0",
                "psr/http-message": "^1.0"
            },
            "require-dev": {
                "guzzlehttp/promises": "0.1.1|^1.3",
                "kelvinmo/simplejwt": "^0.2.5",
                "phpseclib/phpseclib": "^2",
                "phpunit/phpunit": "^4.8.36|^5.7",
                "sebastian/comparator": ">=1.2.3",
                "squizlabs/php_codesniffer": "^3.5"
            },
            "suggest": {
                "phpseclib/phpseclib": "May be used in place of OpenSSL for signing strings or for token management. Please require version ^2."
            },
            "type": "library",
            "autoload": {
                "psr-4": {
                    "Google\\Auth\\": "src"
                }
            },
            "notification-url": "https://packagist.org/downloads/",
            "license": [
                "Apache-2.0"
            ],
            "description": "Google Auth Library for PHP",
            "homepage": "http://github.com/google/google-auth-library-php",
            "keywords": [
                "Authentication",
                "google",
                "oauth2"
            ],
            "time": "2020-07-27T18:33:35+00:00"
        },
        {
            "name": "google/cloud-core",
            "version": "v1.38.0",
            "source": {
                "type": "git",
                "url": "https://github.com/googleapis/google-cloud-php-core.git",
                "reference": "5379a3a2ffae2b6ad7eb55a4fa56acdd694a460e"
            },
            "dist": {
                "type": "zip",
                "url": "https://api.github.com/repos/googleapis/google-cloud-php-core/zipball/5379a3a2ffae2b6ad7eb55a4fa56acdd694a460e",
                "reference": "5379a3a2ffae2b6ad7eb55a4fa56acdd694a460e",
                "shasum": ""
            },
            "require": {
                "google/auth": "^1.6",
                "guzzlehttp/guzzle": "^5.3|^6.0|^7.0",
                "guzzlehttp/promises": "^1.3",
                "guzzlehttp/psr7": "^1.2",
                "monolog/monolog": "^1.1|^2.0",
                "php": ">=5.5",
                "psr/http-message": "1.0.*",
                "rize/uri-template": "~0.3"
            },
            "require-dev": {
                "erusev/parsedown": "^1.6",
                "google/common-protos": "^1.0",
                "google/gax": "^1.1",
                "opis/closure": "^3",
                "phpdocumentor/reflection": "^3.0",
                "phpunit/phpunit": "^4.8|^5.0",
                "squizlabs/php_codesniffer": "2.*"
            },
            "suggest": {
                "opis/closure": "May be used to serialize closures to process jobs in the batch daemon. Please require version ^3.",
                "symfony/lock": "Required for the Spanner cached based session pool. Please require the following commit: 3.3.x-dev#1ba6ac9"
            },
            "bin": [
                "bin/google-cloud-batch"
            ],
            "type": "library",
            "extra": {
                "component": {
                    "id": "cloud-core",
                    "target": "googleapis/google-cloud-php-core.git",
                    "path": "Core",
                    "entry": "src/ServiceBuilder.php"
                }
            },
            "autoload": {
                "psr-4": {
                    "Google\\Cloud\\Core\\": "src"
                }
            },
            "notification-url": "https://packagist.org/downloads/",
            "license": [
                "Apache-2.0"
            ],
            "description": "Google Cloud PHP shared dependency, providing functionality useful to all components.",
            "time": "2020-07-21T18:59:47+00:00"
        },
        {
            "name": "google/cloud-vision",
            "version": "v0.5.0",
            "source": {
                "type": "git",
                "url": "https://github.com/googleapis/google-cloud-php-vision.git",
                "reference": "497827c78469f77c0539cbb5dd479c7d397f1836"
            },
            "dist": {
                "type": "zip",
                "url": "https://api.github.com/repos/googleapis/google-cloud-php-vision/zipball/497827c78469f77c0539cbb5dd479c7d397f1836",
                "reference": "497827c78469f77c0539cbb5dd479c7d397f1836",
                "shasum": ""
            },
            "require": {
                "google/cloud-core": "^1.0",
                "google/gax": "^0.24",
                "google/proto-client": "^0.24"
            },
            "suggest": {
                "google/cloud-storage": "Annotate images stored in Google Cloud Storage"
            },
            "type": "library",
            "extra": {
                "component": {
                    "id": "cloud-vision",
                    "target": "GoogleCloudPlatform/google-cloud-php-vision.git",
                    "path": "src/Vision",
                    "entry": "VisionClient.php"
                }
            },
            "autoload": {
                "psr-4": {
                    "Google\\Cloud\\Vision\\": ""
                }
            },
            "notification-url": "https://packagist.org/downloads/",
            "license": [
                "Apache-2.0"
            ],
            "description": "Cloud Vision Client for PHP",
            "time": "2017-10-17T17:11:46+00:00"
        },
        {
            "name": "google/gax",
            "version": "0.24.0",
            "source": {
                "type": "git",
                "url": "https://github.com/googleapis/gax-php.git",
                "reference": "94c4cf52f55115b7ee528474d72c7ed7829e1365"
            },
            "dist": {
                "type": "zip",
                "url": "https://api.github.com/repos/googleapis/gax-php/zipball/94c4cf52f55115b7ee528474d72c7ed7829e1365",
                "reference": "94c4cf52f55115b7ee528474d72c7ed7829e1365",
                "shasum": ""
            },
            "require": {
                "google/auth": "~0.9|^1.0",
                "google/protobuf": "^3.4",
                "grpc/grpc": "^1.4",
                "php": ">=5.5"
            },
            "require-dev": {
                "phpunit/phpunit": "4.8.*",
                "squizlabs/php_codesniffer": "2.*"
            },
            "type": "library",
            "autoload": {
                "psr-4": {
                    "Google\\GAX\\": "src/",
                    "Google\\GAX\\UnitTests\\": "tests/",
                    "Google\\": "src/generated/Google/",
                    "GPBMetadata\\": "src/generated/GPBMetadata/"
                }
            },
            "notification-url": "https://packagist.org/downloads/",
            "license": [
                "BSD-3-Clause"
            ],
            "description": "Google API Extensions for PHP",
            "homepage": "https://github.com/googleapis/gax-php",
            "keywords": [
                "google"
            ],
            "time": "2017-09-19T20:06:14+00:00"
        },
        {
            "name": "google/proto-client",
            "version": "0.24.0",
            "source": {
                "type": "git",
                "url": "https://github.com/googleapis/proto-client-php.git",
                "reference": "2f36eaa4a2fa1ee6f66525c8f40741acb27cec52"
            },
            "dist": {
                "type": "zip",
                "url": "https://api.github.com/repos/googleapis/proto-client-php/zipball/2f36eaa4a2fa1ee6f66525c8f40741acb27cec52",
                "reference": "2f36eaa4a2fa1ee6f66525c8f40741acb27cec52",
                "shasum": ""
            },
            "require": {
                "google/protobuf": "^3.3.2",
                "php": ">=5.5"
            },
            "require-dev": {
                "google/gax": ">=0.20.0",
                "phpunit/phpunit": "4.8.*"
            },
            "type": "library",
            "autoload": {
                "psr-4": {
                    "Google\\": "src/Google/",
                    "GPBMetadata\\": "src/GPBMetadata/"
                }
            },
            "notification-url": "https://packagist.org/downloads/",
            "license": [
                "BSD-3-Clause"
            ],
            "description": "Generated proto and gRPC classes for Google Cloud Platform in PHP",
            "homepage": "https://github.com/googleapis/proto-client-php",
            "keywords": [
                "google"
            ],
            "abandoned": true,
            "time": "2017-09-18T19:35:44+00:00"
        },
        {
            "name": "google/protobuf",
            "version": "v3.19.4",
            "source": {
                "type": "git",
                "url": "https://github.com/protocolbuffers/protobuf-php.git",
                "reference": "6f0a54186f133aff98f49d0f36a32d4a4f7d4cbd"
            },
            "dist": {
                "type": "zip",
                "url": "https://api.github.com/repos/protocolbuffers/protobuf-php/zipball/6f0a54186f133aff98f49d0f36a32d4a4f7d4cbd",
                "reference": "6f0a54186f133aff98f49d0f36a32d4a4f7d4cbd",
                "shasum": ""
            },
            "require": {
                "php": ">=5.5.0"
            },
            "require-dev": {
                "phpunit/phpunit": ">=4.8.0"
            },
            "suggest": {
                "ext-bcmath": "Need to support JSON deserialization"
            },
            "type": "library",
            "autoload": {
                "psr-4": {
                    "Google\\Protobuf\\": "src/Google/Protobuf",
                    "GPBMetadata\\Google\\Protobuf\\": "src/GPBMetadata/Google/Protobuf"
                }
            },
            "notification-url": "https://packagist.org/downloads/",
            "license": [
                "BSD-3-Clause"
            ],
            "description": "proto library for PHP",
            "homepage": "https://developers.google.com/protocol-buffers/",
            "keywords": [
                "proto"
            ],
            "time": "2022-01-28T17:23:32+00:00"
        },
        {
            "name": "grpc/grpc",
            "version": "1.30.0",
            "source": {
                "type": "git",
                "url": "https://github.com/grpc/grpc-php.git",
                "reference": "31952d18884d91c674b73f8b4da831f708706f20"
            },
            "dist": {
                "type": "zip",
                "url": "https://api.github.com/repos/grpc/grpc-php/zipball/31952d18884d91c674b73f8b4da831f708706f20",
                "reference": "31952d18884d91c674b73f8b4da831f708706f20",
                "shasum": ""
            },
            "require": {
                "php": ">=5.5.0"
            },
            "require-dev": {
                "google/auth": "^v1.3.0"
            },
            "suggest": {
                "ext-protobuf": "For better performance, install the protobuf C extension.",
                "google/protobuf": "To get started using grpc quickly, install the native protobuf library."
            },
            "type": "library",
            "autoload": {
                "psr-4": {
                    "Grpc\\": "src/lib/"
                }
            },
            "notification-url": "https://packagist.org/downloads/",
            "license": [
                "Apache-2.0"
            ],
            "description": "gRPC library for PHP",
            "homepage": "https://grpc.io",
            "keywords": [
                "rpc"
            ],
            "time": "2020-06-23T01:49:02+00:00"
        },
        {
            "name": "guzzlehttp/guzzle",
            "version": "7.0.1",
            "source": {
                "type": "git",
                "url": "https://github.com/guzzle/guzzle.git",
                "reference": "2d9d3c186a6637a43193e66b097c50e4451eaab2"
            },
            "dist": {
                "type": "zip",
                "url": "https://api.github.com/repos/guzzle/guzzle/zipball/2d9d3c186a6637a43193e66b097c50e4451eaab2",
                "reference": "2d9d3c186a6637a43193e66b097c50e4451eaab2",
                "shasum": ""
            },
            "require": {
                "ext-json": "*",
                "guzzlehttp/promises": "^1.0",
                "guzzlehttp/psr7": "^1.6.1",
                "php": "^7.2.5",
                "psr/http-client": "^1.0"
            },
            "provide": {
                "psr/http-client-implementation": "1.0"
            },
            "require-dev": {
                "ergebnis/composer-normalize": "^2.0",
                "ext-curl": "*",
                "php-http/client-integration-tests": "dev-phpunit8",
                "phpunit/phpunit": "^8.5.5",
                "psr/log": "^1.1"
            },
            "suggest": {
                "ext-curl": "Required for CURL handler support",
                "ext-intl": "Required for Internationalized Domain Name (IDN) support",
                "psr/log": "Required for using the Log middleware"
            },
            "type": "library",
            "extra": {
                "branch-alias": {
                    "dev-master": "7.0-dev"
                }
            },
            "autoload": {
                "psr-4": {
                    "GuzzleHttp\\": "src/"
                },
                "files": [
                    "src/functions_include.php"
                ]
            },
            "notification-url": "https://packagist.org/downloads/",
            "license": [
                "MIT"
            ],
            "authors": [
                {
                    "name": "Michael Dowling",
                    "email": "mtdowling@gmail.com",
                    "homepage": "https://github.com/mtdowling"
                },
                {
                    "name": "Márk Sági-Kazár",
                    "email": "mark.sagikazar@gmail.com",
                    "homepage": "https://sagikazarmark.hu"
                }
            ],
            "description": "Guzzle is a PHP HTTP client library",
            "homepage": "http://guzzlephp.org/",
            "keywords": [
                "client",
                "curl",
                "framework",
                "http",
                "http client",
                "psr-18",
                "psr-7",
                "rest",
                "web service"
            ],
            "time": "2020-06-27T10:33:25+00:00"
        },
        {
            "name": "guzzlehttp/promises",
            "version": "v1.3.1",
            "source": {
                "type": "git",
                "url": "https://github.com/guzzle/promises.git",
                "reference": "a59da6cf61d80060647ff4d3eb2c03a2bc694646"
            },
            "dist": {
                "type": "zip",
                "url": "https://api.github.com/repos/guzzle/promises/zipball/a59da6cf61d80060647ff4d3eb2c03a2bc694646",
                "reference": "a59da6cf61d80060647ff4d3eb2c03a2bc694646",
                "shasum": ""
            },
            "require": {
                "php": ">=5.5.0"
            },
            "require-dev": {
                "phpunit/phpunit": "^4.0"
            },
            "type": "library",
            "extra": {
                "branch-alias": {
                    "dev-master": "1.4-dev"
                }
            },
            "autoload": {
                "psr-4": {
                    "GuzzleHttp\\Promise\\": "src/"
                },
                "files": [
                    "src/functions_include.php"
                ]
            },
            "notification-url": "https://packagist.org/downloads/",
            "license": [
                "MIT"
            ],
            "authors": [
                {
                    "name": "Michael Dowling",
                    "email": "mtdowling@gmail.com",
                    "homepage": "https://github.com/mtdowling"
                }
            ],
            "description": "Guzzle promises library",
            "keywords": [
                "promise"
            ],
            "time": "2016-12-20T10:07:11+00:00"
        },
        {
            "name": "guzzlehttp/psr7",
            "version": "1.6.1",
            "source": {
                "type": "git",
                "url": "https://github.com/guzzle/psr7.git",
                "reference": "239400de7a173fe9901b9ac7c06497751f00727a"
            },
            "dist": {
                "type": "zip",
                "url": "https://api.github.com/repos/guzzle/psr7/zipball/239400de7a173fe9901b9ac7c06497751f00727a",
                "reference": "239400de7a173fe9901b9ac7c06497751f00727a",
                "shasum": ""
            },
            "require": {
                "php": ">=5.4.0",
                "psr/http-message": "~1.0",
                "ralouphie/getallheaders": "^2.0.5 || ^3.0.0"
            },
            "provide": {
                "psr/http-message-implementation": "1.0"
            },
            "require-dev": {
                "ext-zlib": "*",
                "phpunit/phpunit": "~4.8.36 || ^5.7.27 || ^6.5.8"
            },
            "suggest": {
                "zendframework/zend-httphandlerrunner": "Emit PSR-7 responses"
            },
            "type": "library",
            "extra": {
                "branch-alias": {
                    "dev-master": "1.6-dev"
                }
            },
            "autoload": {
                "files": [
                    "src/functions_include.php"
                ],
                "psr-4": {
                    "GuzzleHttp\\Psr7\\": "src/"
                }
            },
            "notification-url": "https://packagist.org/downloads/",
            "license": [
                "MIT"
            ],
            "authors": [
                {
                    "name": "Michael Dowling",
                    "email": "mtdowling@gmail.com",
                    "homepage": "https://github.com/mtdowling"
                },
                {
                    "name": "Tobias Schultze",
                    "homepage": "https://github.com/Tobion"
                }
            ],
            "description": "PSR-7 message implementation that also provides common utility methods",
            "keywords": [
                "http",
                "message",
                "psr-7",
                "request",
                "response",
                "stream",
                "uri",
                "url"
            ],
            "time": "2019-07-01T23:21:34+00:00"
        },
        {
            "name": "monolog/monolog",
            "version": "2.1.1",
            "source": {
                "type": "git",
                "url": "https://github.com/Seldaek/monolog.git",
                "reference": "f9eee5cec93dfb313a38b6b288741e84e53f02d5"
            },
            "dist": {
                "type": "zip",
                "url": "https://api.github.com/repos/Seldaek/monolog/zipball/f9eee5cec93dfb313a38b6b288741e84e53f02d5",
                "reference": "f9eee5cec93dfb313a38b6b288741e84e53f02d5",
                "shasum": ""
            },
            "require": {
                "php": ">=7.2",
                "psr/log": "^1.0.1"
            },
            "provide": {
                "psr/log-implementation": "1.0.0"
            },
            "require-dev": {
                "aws/aws-sdk-php": "^2.4.9 || ^3.0",
                "doctrine/couchdb": "~1.0@dev",
                "elasticsearch/elasticsearch": "^6.0",
                "graylog2/gelf-php": "^1.4.2",
                "php-amqplib/php-amqplib": "~2.4",
                "php-console/php-console": "^3.1.3",
                "php-parallel-lint/php-parallel-lint": "^1.0",
                "phpspec/prophecy": "^1.6.1",
                "phpunit/phpunit": "^8.5",
                "predis/predis": "^1.1",
                "rollbar/rollbar": "^1.3",
                "ruflin/elastica": ">=0.90 <3.0",
                "swiftmailer/swiftmailer": "^5.3|^6.0"
            },
            "suggest": {
                "aws/aws-sdk-php": "Allow sending log messages to AWS services like DynamoDB",
                "doctrine/couchdb": "Allow sending log messages to a CouchDB server",
                "elasticsearch/elasticsearch": "Allow sending log messages to an Elasticsearch server via official client",
                "ext-amqp": "Allow sending log messages to an AMQP server (1.0+ required)",
                "ext-mbstring": "Allow to work properly with unicode symbols",
                "ext-mongodb": "Allow sending log messages to a MongoDB server (via driver)",
                "graylog2/gelf-php": "Allow sending log messages to a GrayLog2 server",
                "mongodb/mongodb": "Allow sending log messages to a MongoDB server (via library)",
                "php-amqplib/php-amqplib": "Allow sending log messages to an AMQP server using php-amqplib",
                "php-console/php-console": "Allow sending log messages to Google Chrome",
                "rollbar/rollbar": "Allow sending log messages to Rollbar",
                "ruflin/elastica": "Allow sending log messages to an Elastic Search server"
            },
            "type": "library",
            "extra": {
                "branch-alias": {
                    "dev-master": "2.x-dev"
                }
            },
            "autoload": {
                "psr-4": {
                    "Monolog\\": "src/Monolog"
                }
            },
            "notification-url": "https://packagist.org/downloads/",
            "license": [
                "MIT"
            ],
            "authors": [
                {
                    "name": "Jordi Boggiano",
                    "email": "j.boggiano@seld.be",
                    "homepage": "http://seld.be"
                }
            ],
            "description": "Sends your logs to files, sockets, inboxes, databases and various web services",
            "homepage": "http://github.com/Seldaek/monolog",
            "keywords": [
                "log",
                "logging",
                "psr-3"
            ],
            "funding": [
                {
                    "url": "https://github.com/Seldaek",
                    "type": "github"
                },
                {
                    "url": "https://tidelift.com/funding/github/packagist/monolog/monolog",
                    "type": "tidelift"
                }
            ],
            "time": "2020-07-23T08:41:23+00:00"
        },
        {
            "name": "psr/cache",
            "version": "1.0.1",
            "source": {
                "type": "git",
                "url": "https://github.com/php-fig/cache.git",
                "reference": "d11b50ad223250cf17b86e38383413f5a6764bf8"
            },
            "dist": {
                "type": "zip",
                "url": "https://api.github.com/repos/php-fig/cache/zipball/d11b50ad223250cf17b86e38383413f5a6764bf8",
                "reference": "d11b50ad223250cf17b86e38383413f5a6764bf8",
                "shasum": ""
            },
            "require": {
                "php": ">=5.3.0"
            },
            "type": "library",
            "extra": {
                "branch-alias": {
                    "dev-master": "1.0.x-dev"
                }
            },
            "autoload": {
                "psr-4": {
                    "Psr\\Cache\\": "src/"
                }
            },
            "notification-url": "https://packagist.org/downloads/",
            "license": [
                "MIT"
            ],
            "authors": [
                {
                    "name": "PHP-FIG",
                    "homepage": "http://www.php-fig.org/"
                }
            ],
            "description": "Common interface for caching libraries",
            "keywords": [
                "cache",
                "psr",
                "psr-6"
            ],
            "time": "2016-08-06T20:24:11+00:00"
        },
        {
            "name": "psr/http-client",
            "version": "1.0.1",
            "source": {
                "type": "git",
                "url": "https://github.com/php-fig/http-client.git",
                "reference": "2dfb5f6c5eff0e91e20e913f8c5452ed95b86621"
            },
            "dist": {
                "type": "zip",
                "url": "https://api.github.com/repos/php-fig/http-client/zipball/2dfb5f6c5eff0e91e20e913f8c5452ed95b86621",
                "reference": "2dfb5f6c5eff0e91e20e913f8c5452ed95b86621",
                "shasum": ""
            },
            "require": {
                "php": "^7.0 || ^8.0",
                "psr/http-message": "^1.0"
            },
            "type": "library",
            "extra": {
                "branch-alias": {
                    "dev-master": "1.0.x-dev"
                }
            },
            "autoload": {
                "psr-4": {
                    "Psr\\Http\\Client\\": "src/"
                }
            },
            "notification-url": "https://packagist.org/downloads/",
            "license": [
                "MIT"
            ],
            "authors": [
                {
                    "name": "PHP-FIG",
                    "homepage": "http://www.php-fig.org/"
                }
            ],
            "description": "Common interface for HTTP clients",
            "homepage": "https://github.com/php-fig/http-client",
            "keywords": [
                "http",
                "http-client",
                "psr",
                "psr-18"
            ],
            "time": "2020-06-29T06:28:15+00:00"
        },
        {
            "name": "psr/http-message",
            "version": "1.0.1",
            "source": {
                "type": "git",
                "url": "https://github.com/php-fig/http-message.git",
                "reference": "f6561bf28d520154e4b0ec72be95418abe6d9363"
            },
            "dist": {
                "type": "zip",
                "url": "https://api.github.com/repos/php-fig/http-message/zipball/f6561bf28d520154e4b0ec72be95418abe6d9363",
                "reference": "f6561bf28d520154e4b0ec72be95418abe6d9363",
                "shasum": ""
            },
            "require": {
                "php": ">=5.3.0"
            },
            "type": "library",
            "extra": {
                "branch-alias": {
                    "dev-master": "1.0.x-dev"
                }
            },
            "autoload": {
                "psr-4": {
                    "Psr\\Http\\Message\\": "src/"
                }
            },
            "notification-url": "https://packagist.org/downloads/",
            "license": [
                "MIT"
            ],
            "authors": [
                {
                    "name": "PHP-FIG",
                    "homepage": "http://www.php-fig.org/"
                }
            ],
            "description": "Common interface for HTTP messages",
            "homepage": "https://github.com/php-fig/http-message",
            "keywords": [
                "http",
                "http-message",
                "psr",
                "psr-7",
                "request",
                "response"
            ],
            "time": "2016-08-06T14:39:51+00:00"
        },
        {
            "name": "psr/log",
            "version": "1.1.3",
            "source": {
                "type": "git",
                "url": "https://github.com/php-fig/log.git",
                "reference": "0f73288fd15629204f9d42b7055f72dacbe811fc"
            },
            "dist": {
                "type": "zip",
                "url": "https://api.github.com/repos/php-fig/log/zipball/0f73288fd15629204f9d42b7055f72dacbe811fc",
                "reference": "0f73288fd15629204f9d42b7055f72dacbe811fc",
                "shasum": ""
            },
            "require": {
                "php": ">=5.3.0"
            },
            "type": "library",
            "extra": {
                "branch-alias": {
                    "dev-master": "1.1.x-dev"
                }
            },
            "autoload": {
                "psr-4": {
                    "Psr\\Log\\": "Psr/Log/"
                }
            },
            "notification-url": "https://packagist.org/downloads/",
            "license": [
                "MIT"
            ],
            "authors": [
                {
                    "name": "PHP-FIG",
                    "homepage": "http://www.php-fig.org/"
                }
            ],
            "description": "Common interface for logging libraries",
            "homepage": "https://github.com/php-fig/log",
            "keywords": [
                "log",
                "psr",
                "psr-3"
            ],
            "time": "2020-03-23T09:12:05+00:00"
        },
        {
            "name": "ralouphie/getallheaders",
            "version": "3.0.3",
            "source": {
                "type": "git",
                "url": "https://github.com/ralouphie/getallheaders.git",
                "reference": "120b605dfeb996808c31b6477290a714d356e822"
            },
            "dist": {
                "type": "zip",
                "url": "https://api.github.com/repos/ralouphie/getallheaders/zipball/120b605dfeb996808c31b6477290a714d356e822",
                "reference": "120b605dfeb996808c31b6477290a714d356e822",
                "shasum": ""
            },
            "require": {
                "php": ">=5.6"
            },
            "require-dev": {
                "php-coveralls/php-coveralls": "^2.1",
                "phpunit/phpunit": "^5 || ^6.5"
            },
            "type": "library",
            "autoload": {
                "files": [
                    "src/getallheaders.php"
                ]
            },
            "notification-url": "https://packagist.org/downloads/",
            "license": [
                "MIT"
            ],
            "authors": [
                {
                    "name": "Ralph Khattar",
                    "email": "ralph.khattar@gmail.com"
                }
            ],
            "description": "A polyfill for getallheaders.",
            "time": "2019-03-08T08:55:37+00:00"
        },
        {
            "name": "rize/uri-template",
            "version": "0.3.2",
            "source": {
                "type": "git",
                "url": "https://github.com/rize/UriTemplate.git",
                "reference": "9e5fdd5c47147aa5adf7f760002ee591ed37b9ca"
            },
            "dist": {
                "type": "zip",
                "url": "https://api.github.com/repos/rize/UriTemplate/zipball/9e5fdd5c47147aa5adf7f760002ee591ed37b9ca",
                "reference": "9e5fdd5c47147aa5adf7f760002ee591ed37b9ca",
                "shasum": ""
            },
            "require": {
                "php": ">=5.3.0"
            },
            "require-dev": {
                "phpunit/phpunit": "~4.0.0"
            },
            "type": "library",
            "autoload": {
                "psr-0": {
                    "Rize\\UriTemplate": "src/"
                }
            },
            "notification-url": "https://packagist.org/downloads/",
            "license": [
                "MIT"
            ],
            "authors": [
                {
                    "name": "Marut K",
                    "homepage": "http://twitter.com/rezigned"
                }
            ],
            "description": "PHP URI Template (RFC 6570) supports both expansion & extraction",
            "keywords": [
                "RFC 6570",
                "template",
                "uri"
            ],
            "time": "2017-06-14T03:57:53+00:00"
        }
    ],
    "packages-dev": [],
    "aliases": [],
    "minimum-stability": "stable",
    "stability-flags": [],
    "prefer-stable": false,
    "prefer-lowest": false,
    "platform": [],
    "platform-dev": [],
    "plugin-api-version": "1.1.0"
}
